
Microsoft Visual Studio Solution File, Format Version 12.00
Project("{FAE04EC0-301F-11D3-BF4B-00C04F79EFBC}") = "transpiler_study", "transpiler_study.csproj", "{9F4B0A63-4BA5-42AE-9E78-2D728F63E35A}"
EndProject
Global
	GlobalSection(SolutionConfigurationPlatforms) = preSolution
		Debug|Any CPU = Debug|Any CPU
		Release|Any CPU = Release|Any CPU
	EndGlobalSection
	GlobalSection(ProjectConfigurationPlatforms) = postSolution
		{9F4B0A63-4BA5-42AE-9E78-2D728F63E35A}.Debug|Any CPU.ActiveCfg = Debug|Any CPU
		{9F4B0A63-4BA5-42AE-9E78-2D728F63E35A}.Debug|Any CPU.Build.0 = Debug|Any CPU
		{9F4B0A63-4BA5-42AE-9E78-2D728F63E35A}.Release|Any CPU.ActiveCfg = Release|Any CPU
		{9F4B0A63-4BA5-42AE-9E78-2D728F63E35A}.Release|Any CPU.Build.0 = Release|Any CPU
	EndGlobalSection
EndGlobal
